// !$*UTF8*$!
{
	archiveVersion = 1;
	classes = {
	};
	objectVersion = 51;
	objects = {

/* Begin PBXBuildFile section */
		B42C5797257926D400BE586E /* MainScreenPresenter.swift in Sources */ = {isa = PBXBuildFile; fileRef = B42C5796257926D400BE586E /* MainScreenPresenter.swift */; };
		B42C579A257926EE00BE586E /* MainScreenPresenterDelegate.swift in Sources */ = {isa = PBXBuildFile; fileRef = B42C5799257926EE00BE586E /* MainScreenPresenterDelegate.swift */; };
		B42C579D2579275300BE586E /* MainScreenViewControllerDelegate.swift in Sources */ = {isa = PBXBuildFile; fileRef = B42C579C2579275300BE586E /* MainScreenViewControllerDelegate.swift */; };
		B434AD69257E53B6009B9586 /* Notification.Name+signInGoogleCompleted.swift in Sources */ = {isa = PBXBuildFile; fileRef = B434AD68257E53B6009B9586 /* Notification.Name+signInGoogleCompleted.swift */; };
		B45844A025792EFD00BBDD7D /* APIConfig.plist in Resources */ = {isa = PBXBuildFile; fileRef = B458449F25792EFD00BBDD7D /* APIConfig.plist */; };
		B45E3D0A257F6B1600C4B63C /* VideoInfo.swift in Sources */ = {isa = PBXBuildFile; fileRef = B45E3D09257F6B1600C4B63C /* VideoInfo.swift */; };
		B45E3D0C257F8C7C00C4B63C /* CommentsTableViewCell.swift in Sources */ = {isa = PBXBuildFile; fileRef = B45E3D0B257F8C7C00C4B63C /* CommentsTableViewCell.swift */; };
		B45E3D0E257FACD200C4B63C /* CommentInfo.swift in Sources */ = {isa = PBXBuildFile; fileRef = B45E3D0D257FACD200C4B63C /* CommentInfo.swift */; };
		B45F23E4257A5D43007E7B6F /* PlayerViewControllerDelegate.swift in Sources */ = {isa = PBXBuildFile; fileRef = B45F23E3257A5D43007E7B6F /* PlayerViewControllerDelegate.swift */; };
		B45F23E6257A5DE5007E7B6F /* PlayerPresenterDelegate.swift in Sources */ = {isa = PBXBuildFile; fileRef = B45F23E5257A5DE5007E7B6F /* PlayerPresenterDelegate.swift */; };
		B45F23E8257A5DF4007E7B6F /* PlayerPresenter.swift in Sources */ = {isa = PBXBuildFile; fileRef = B45F23E7257A5DF4007E7B6F /* PlayerPresenter.swift */; };
		B479566225791D4D001A0C4E /* NetworkManager.swift in Sources */ = {isa = PBXBuildFile; fileRef = B479566125791D4D001A0C4E /* NetworkManager.swift */; };
		B4A9473D257A142C00B14195 /* VideosTableViewCell.swift in Sources */ = {isa = PBXBuildFile; fileRef = B4A9473C257A142C00B14195 /* VideosTableViewCell.swift */; };
		B4A94740257A1FCE00B14195 /* PlayerViewController.swift in Sources */ = {isa = PBXBuildFile; fileRef = B4A9473F257A1FCE00B14195 /* PlayerViewController.swift */; };
		B4E1306425790E17004A84CC /* AppDelegate.swift in Sources */ = {isa = PBXBuildFile; fileRef = B4E1306325790E17004A84CC /* AppDelegate.swift */; };
		B4E1306625790E17004A84CC /* SceneDelegate.swift in Sources */ = {isa = PBXBuildFile; fileRef = B4E1306525790E17004A84CC /* SceneDelegate.swift */; };
		B4E1306825790E17004A84CC /* MainScreenViewController.swift in Sources */ = {isa = PBXBuildFile; fileRef = B4E1306725790E17004A84CC /* MainScreenViewController.swift */; };
		B4E1306B25790E17004A84CC /* Main.storyboard in Resources */ = {isa = PBXBuildFile; fileRef = B4E1306925790E17004A84CC /* Main.storyboard */; };
		B4E1306D25790E18004A84CC /* Assets.xcassets in Resources */ = {isa = PBXBuildFile; fileRef = B4E1306C25790E18004A84CC /* Assets.xcassets */; };
		B4E1307025790E18004A84CC /* LaunchScreen.storyboard in Resources */ = {isa = PBXBuildFile; fileRef = B4E1306E25790E18004A84CC /* LaunchScreen.storyboard */; };
		FD9A0C2EC307CDA2ADA208C3 /* Pods_youtuber.framework in Frameworks */ = {isa = PBXBuildFile; fileRef = 2C2620C16AE4070E7E3F2875 /* Pods_youtuber.framework */; };
/* End PBXBuildFile section */

/* Begin PBXFileReference section */
		2C2620C16AE4070E7E3F2875 /* Pods_youtuber.framework */ = {isa = PBXFileReference; explicitFileType = wrapper.framework; includeInIndex = 0; path = Pods_youtuber.framework; sourceTree = BUILT_PRODUCTS_DIR; };
		81A5B4BD7FA057FA06216884 /* Pods-youtuber.release.xcconfig */ = {isa = PBXFileReference; includeInIndex = 1; lastKnownFileType = text.xcconfig; name = "Pods-youtuber.release.xcconfig"; path = "Target Support Files/Pods-youtuber/Pods-youtuber.release.xcconfig"; sourceTree = "<group>"; };
		B42C5796257926D400BE586E /* MainScreenPresenter.swift */ = {isa = PBXFileReference; lastKnownFileType = sourcecode.swift; path = MainScreenPresenter.swift; sourceTree = "<group>"; };
		B42C5799257926EE00BE586E /* MainScreenPresenterDelegate.swift */ = {isa = PBXFileReference; lastKnownFileType = sourcecode.swift; path = MainScreenPresenterDelegate.swift; sourceTree = "<group>"; };
		B42C579C2579275300BE586E /* MainScreenViewControllerDelegate.swift */ = {isa = PBXFileReference; lastKnownFileType = sourcecode.swift; path = MainScreenViewControllerDelegate.swift; sourceTree = "<group>"; };
		B434AD68257E53B6009B9586 /* Notification.Name+signInGoogleCompleted.swift */ = {isa = PBXFileReference; lastKnownFileType = sourcecode.swift; path = "Notification.Name+signInGoogleCompleted.swift"; sourceTree = "<group>"; };
		B458449F25792EFD00BBDD7D /* APIConfig.plist */ = {isa = PBXFileReference; lastKnownFileType = text.plist.xml; path = APIConfig.plist; sourceTree = "<group>"; };
		B45E3D09257F6B1600C4B63C /* VideoInfo.swift */ = {isa = PBXFileReference; lastKnownFileType = sourcecode.swift; path = VideoInfo.swift; sourceTree = "<group>"; };
		B45E3D0B257F8C7C00C4B63C /* CommentsTableViewCell.swift */ = {isa = PBXFileReference; lastKnownFileType = sourcecode.swift; path = CommentsTableViewCell.swift; sourceTree = "<group>"; };
		B45E3D0D257FACD200C4B63C /* CommentInfo.swift */ = {isa = PBXFileReference; lastKnownFileType = sourcecode.swift; path = CommentInfo.swift; sourceTree = "<group>"; };
		B45F23E3257A5D43007E7B6F /* PlayerViewControllerDelegate.swift */ = {isa = PBXFileReference; lastKnownFileType = sourcecode.swift; path = PlayerViewControllerDelegate.swift; sourceTree = "<group>"; };
		B45F23E5257A5DE5007E7B6F /* PlayerPresenterDelegate.swift */ = {isa = PBXFileReference; lastKnownFileType = sourcecode.swift; path = PlayerPresenterDelegate.swift; sourceTree = "<group>"; };
		B45F23E7257A5DF4007E7B6F /* PlayerPresenter.swift */ = {isa = PBXFileReference; lastKnownFileType = sourcecode.swift; path = PlayerPresenter.swift; sourceTree = "<group>"; };
		B479566125791D4D001A0C4E /* NetworkManager.swift */ = {isa = PBXFileReference; lastKnownFileType = sourcecode.swift; path = NetworkManager.swift; sourceTree = "<group>"; };
		B4A9473C257A142C00B14195 /* VideosTableViewCell.swift */ = {isa = PBXFileReference; lastKnownFileType = sourcecode.swift; path = VideosTableViewCell.swift; sourceTree = "<group>"; };
		B4A9473F257A1FCE00B14195 /* PlayerViewController.swift */ = {isa = PBXFileReference; lastKnownFileType = sourcecode.swift; path = PlayerViewController.swift; sourceTree = "<group>"; };
		B4E1306025790E17004A84CC /* youtuber.app */ = {isa = PBXFileReference; explicitFileType = wrapper.application; includeInIndex = 0; path = youtuber.app; sourceTree = BUILT_PRODUCTS_DIR; };
		B4E1306325790E17004A84CC /* AppDelegate.swift */ = {isa = PBXFileReference; lastKnownFileType = sourcecode.swift; path = AppDelegate.swift; sourceTree = "<group>"; };
		B4E1306525790E17004A84CC /* SceneDelegate.swift */ = {isa = PBXFileReference; lastKnownFileType = sourcecode.swift; path = SceneDelegate.swift; sourceTree = "<group>"; };
		B4E1306725790E17004A84CC /* MainScreenViewController.swift */ = {isa = PBXFileReference; lastKnownFileType = sourcecode.swift; path = MainScreenViewController.swift; sourceTree = "<group>"; };
		B4E1306A25790E17004A84CC /* Base */ = {isa = PBXFileReference; lastKnownFileType = file.storyboard; name = Base; path = Base.lproj/Main.storyboard; sourceTree = "<group>"; };
		B4E1306C25790E18004A84CC /* Assets.xcassets */ = {isa = PBXFileReference; lastKnownFileType = folder.assetcatalog; path = Assets.xcassets; sourceTree = "<group>"; };
		B4E1306F25790E18004A84CC /* Base */ = {isa = PBXFileReference; lastKnownFileType = file.storyboard; name = Base; path = Base.lproj/LaunchScreen.storyboard; sourceTree = "<group>"; };
		B4E1307125790E18004A84CC /* Info.plist */ = {isa = PBXFileReference; lastKnownFileType = text.plist.xml; path = Info.plist; sourceTree = "<group>"; };
		B55FE280EB459FA5C0CAF1F8 /* Pods-youtuber.debug.xcconfig */ = {isa = PBXFileReference; includeInIndex = 1; lastKnownFileType = text.xcconfig; name = "Pods-youtuber.debug.xcconfig"; path = "Target Support Files/Pods-youtuber/Pods-youtuber.debug.xcconfig"; sourceTree = "<group>"; };
/* End PBXFileReference section */

/* Begin PBXFrameworksBuildPhase section */
		B4E1305D25790E17004A84CC /* Frameworks */ = {
			isa = PBXFrameworksBuildPhase;
			buildActionMask = 2147483647;
			files = (
				FD9A0C2EC307CDA2ADA208C3 /* Pods_youtuber.framework in Frameworks */,
			);
			runOnlyForDeploymentPostprocessing = 0;
		};
/* End PBXFrameworksBuildPhase section */

/* Begin PBXGroup section */
		A4AA5B453C98F40FDB41637C /* Frameworks */ = {
			isa = PBXGroup;
			children = (
				2C2620C16AE4070E7E3F2875 /* Pods_youtuber.framework */,
			);
			name = Frameworks;
			sourceTree = "<group>";
		};
		B42C5795257926B500BE586E /* Main Screen */ = {
			isa = PBXGroup;
			children = (
				B42C579B2579274200BE586E /* View */,
				B42C5798257926D800BE586E /* Presenter */,
			);
			path = "Main Screen";
			sourceTree = "<group>";
		};
		B42C5798257926D800BE586E /* Presenter */ = {
			isa = PBXGroup;
			children = (
				B42C5796257926D400BE586E /* MainScreenPresenter.swift */,
				B42C5799257926EE00BE586E /* MainScreenPresenterDelegate.swift */,
			);
			path = Presenter;
			sourceTree = "<group>";
		};
		B42C579B2579274200BE586E /* View */ = {
			isa = PBXGroup;
			children = (
				B4E1306725790E17004A84CC /* MainScreenViewController.swift */,
				B42C579C2579275300BE586E /* MainScreenViewControllerDelegate.swift */,
				B4A9473C257A142C00B14195 /* VideosTableViewCell.swift */,
			);
			path = View;
			sourceTree = "<group>";
		};
		B45F23E0257A4522007E7B6F /* Networking */ = {
			isa = PBXGroup;
			children = (
				B479566125791D4D001A0C4E /* NetworkManager.swift */,
				B458449F25792EFD00BBDD7D /* APIConfig.plist */,
			);
			path = Networking;
			sourceTree = "<group>";
		};
		B45F23E1257A5D25007E7B6F /* View */ = {
			isa = PBXGroup;
			children = (
				B4A9473F257A1FCE00B14195 /* PlayerViewController.swift */,
				B45F23E3257A5D43007E7B6F /* PlayerViewControllerDelegate.swift */,
				B45E3D0B257F8C7C00C4B63C /* CommentsTableViewCell.swift */,
			);
			path = View;
			sourceTree = "<group>";
		};
		B45F23E2257A5D2A007E7B6F /* Presenter */ = {
			isa = PBXGroup;
			children = (
				B45F23E5257A5DE5007E7B6F /* PlayerPresenterDelegate.swift */,
				B45F23E7257A5DF4007E7B6F /* PlayerPresenter.swift */,
			);
			path = Presenter;
			sourceTree = "<group>";
		};
		B4A9473E257A1FA400B14195 /* Player Screen */ = {
			isa = PBXGroup;
			children = (
				B45F23E1257A5D25007E7B6F /* View */,
				B45F23E2257A5D2A007E7B6F /* Presenter */,
				B45E3D09257F6B1600C4B63C /* VideoInfo.swift */,
				B45E3D0D257FACD200C4B63C /* CommentInfo.swift */,
			);
			path = "Player Screen";
			sourceTree = "<group>";
		};
		B4E1305725790E17004A84CC = {
			isa = PBXGroup;
			children = (
				B4E1306225790E17004A84CC /* youtuber */,
				B4E1306125790E17004A84CC /* Products */,
				D6EA6D20E68F7949DFF91979 /* Pods */,
				A4AA5B453C98F40FDB41637C /* Frameworks */,
			);
			sourceTree = "<group>";
		};
		B4E1306125790E17004A84CC /* Products */ = {
			isa = PBXGroup;
			children = (
				B4E1306025790E17004A84CC /* youtuber.app */,
			);
			name = Products;
			sourceTree = "<group>";
		};
		B4E1306225790E17004A84CC /* youtuber */ = {
			isa = PBXGroup;
			children = (
				B45F23E0257A4522007E7B6F /* Networking */,
				B42C5795257926B500BE586E /* Main Screen */,
				B4A9473E257A1FA400B14195 /* Player Screen */,
				B4E1306925790E17004A84CC /* Main.storyboard */,
				B4E1306E25790E18004A84CC /* LaunchScreen.storyboard */,
				B4E1306325790E17004A84CC /* AppDelegate.swift */,
				B4E1306525790E17004A84CC /* SceneDelegate.swift */,
				B434AD68257E53B6009B9586 /* Notification.Name+signInGoogleCompleted.swift */,
				B4E1306C25790E18004A84CC /* Assets.xcassets */,
				B4E1307125790E18004A84CC /* Info.plist */,
			);
			path = youtuber;
			sourceTree = "<group>";
		};
		D6EA6D20E68F7949DFF91979 /* Pods */ = {
			isa = PBXGroup;
			children = (
				B55FE280EB459FA5C0CAF1F8 /* Pods-youtuber.debug.xcconfig */,
				81A5B4BD7FA057FA06216884 /* Pods-youtuber.release.xcconfig */,
			);
			path = Pods;
			sourceTree = "<group>";
		};
/* End PBXGroup section */

/* Begin PBXNativeTarget section */
		B4E1305F25790E17004A84CC /* youtuber */ = {
			isa = PBXNativeTarget;
			buildConfigurationList = B4E1307425790E18004A84CC /* Build configuration list for PBXNativeTarget "youtuber" */;
			buildPhases = (
				5AF0D61A61F35471454E956D /* [CP] Check Pods Manifest.lock */,
				B4E1305C25790E17004A84CC /* Sources */,
				B4E1305D25790E17004A84CC /* Frameworks */,
				B4E1305E25790E17004A84CC /* Resources */,
				918E840FE312159581F7C2D7 /* [CP] Embed Pods Frameworks */,
				54985F484AD6F61266E572FA /* [CP] Copy Pods Resources */,
			);
			buildRules = (
			);
			dependencies = (
			);
			name = youtuber;
			productName = youtuber;
			productReference = B4E1306025790E17004A84CC /* youtuber.app */;
			productType = "com.apple.product-type.application";
		};
/* End PBXNativeTarget section */

/* Begin PBXProject section */
		B4E1305825790E17004A84CC /* Project object */ = {
			isa = PBXProject;
			attributes = {
				LastSwiftUpdateCheck = 1140;
				LastUpgradeCheck = 1140;
				ORGANIZATIONNAME = "Anton Borisenko";
				TargetAttributes = {
					B4E1305F25790E17004A84CC = {
						CreatedOnToolsVersion = 11.4;
					};
				};
			};
			buildConfigurationList = B4E1305B25790E17004A84CC /* Build configuration list for PBXProject "youtuber" */;
			compatibilityVersion = "Xcode 9.3";
			developmentRegion = en;
			hasScannedForEncodings = 0;
			knownRegions = (
				en,
				Base,
			);
			mainGroup = B4E1305725790E17004A84CC;
			productRefGroup = B4E1306125790E17004A84CC /* Products */;
			projectDirPath = "";
			projectRoot = "";
			targets = (
				B4E1305F25790E17004A84CC /* youtuber */,
			);
		};
/* End PBXProject section */

/* Begin PBXResourcesBuildPhase section */
		B4E1305E25790E17004A84CC /* Resources */ = {
			isa = PBXResourcesBuildPhase;
			buildActionMask = 2147483647;
			files = (
				B4E1307025790E18004A84CC /* LaunchScreen.storyboard in Resources */,
				B45844A025792EFD00BBDD7D /* APIConfig.plist in Resources */,
				B4E1306D25790E18004A84CC /* Assets.xcassets in Resources */,
				B4E1306B25790E17004A84CC /* Main.storyboard in Resources */,
			);
			runOnlyForDeploymentPostprocessing = 0;
		};
/* End PBXResourcesBuildPhase section */

/* Begin PBXShellScriptBuildPhase section */
		54985F484AD6F61266E572FA /* [CP] Copy Pods Resources */ = {
			isa = PBXShellScriptBuildPhase;
			buildActionMask = 2147483647;
			files = (
			);
			inputFileListPaths = (
				"${PODS_ROOT}/Target Support Files/Pods-youtuber/Pods-youtuber-resources-${CONFIGURATION}-input-files.xcfilelist",
			);
			name = "[CP] Copy Pods Resources";
			outputFileListPaths = (
				"${PODS_ROOT}/Target Support Files/Pods-youtuber/Pods-youtuber-resources-${CONFIGURATION}-output-files.xcfilelist",
			);
			runOnlyForDeploymentPostprocessing = 0;
			shellPath = /bin/sh;
			shellScript = "\"${PODS_ROOT}/Target Support Files/Pods-youtuber/Pods-youtuber-resources.sh\"\n";
			showEnvVarsInLog = 0;
		};
		5AF0D61A61F35471454E956D /* [CP] Check Pods Manifest.lock */ = {
			isa = PBXShellScriptBuildPhase;
			buildActionMask = 2147483647;
			files = (
			);
			inputFileListPaths = (
			);
			inputPaths = (
				"${PODS_PODFILE_DIR_PATH}/Podfile.lock",
				"${PODS_ROOT}/Manifest.lock",
			);
			name = "[CP] Check Pods Manifest.lock";
			outputFileListPaths = (
			);
			outputPaths = (
				"$(DERIVED_FILE_DIR)/Pods-youtuber-checkManifestLockResult.txt",
			);
			runOnlyForDeploymentPostprocessing = 0;
			shellPath = /bin/sh;
			shellScript = "diff \"${PODS_PODFILE_DIR_PATH}/Podfile.lock\" \"${PODS_ROOT}/Manifest.lock\" > /dev/null\nif [ $? != 0 ] ; then\n    # print error to STDERR\n    echo \"error: The sandbox is not in sync with the Podfile.lock. Run 'pod install' or update your CocoaPods installation.\" >&2\n    exit 1\nfi\n# This output is used by Xcode 'outputs' to avoid re-running this script phase.\necho \"SUCCESS\" > \"${SCRIPT_OUTPUT_FILE_0}\"\n";
			showEnvVarsInLog = 0;
		};
		918E840FE312159581F7C2D7 /* [CP] Embed Pods Frameworks */ = {
			isa = PBXShellScriptBuildPhase;
			buildActionMask = 2147483647;
			files = (
			);
			inputFileListPaths = (
				"${PODS_ROOT}/Target Support Files/Pods-youtuber/Pods-youtuber-frameworks-${CONFIGURATION}-input-files.xcfilelist",
			);
			name = "[CP] Embed Pods Frameworks";
			outputFileListPaths = (
				"${PODS_ROOT}/Target Support Files/Pods-youtuber/Pods-youtuber-frameworks-${CONFIGURATION}-output-files.xcfilelist",
			);
			runOnlyForDeploymentPostprocessing = 0;
			shellPath = /bin/sh;
			shellScript = "\"${PODS_ROOT}/Target Support Files/Pods-youtuber/Pods-youtuber-frameworks.sh\"\n";
			showEnvVarsInLog = 0;
		};
/* End PBXShellScriptBuildPhase section */

/* Begin PBXSourcesBuildPhase section */
		B4E1305C25790E17004A84CC /* Sources */ = {
			isa = PBXSourcesBuildPhase;
			buildActionMask = 2147483647;
			files = (
				B42C579D2579275300BE586E /* MainScreenViewControllerDelegate.swift in Sources */,
				B45F23E8257A5DF4007E7B6F /* PlayerPresenter.swift in Sources */,
				B4A9473D257A142C00B14195 /* VideosTableViewCell.swift in Sources */,
				B45F23E4257A5D43007E7B6F /* PlayerViewControllerDelegate.swift in Sources */,
				B42C579A257926EE00BE586E /* MainScreenPresenterDelegate.swift in Sources */,
				B45F23E6257A5DE5007E7B6F /* PlayerPresenterDelegate.swift in Sources */,
				B479566225791D4D001A0C4E /* NetworkManager.swift in Sources */,
				B45E3D0C257F8C7C00C4B63C /* CommentsTableViewCell.swift in Sources */,
				B4E1306825790E17004A84CC /* MainScreenViewController.swift in Sources */,
				B4A94740257A1FCE00B14195 /* PlayerViewController.swift in Sources */,
				B4E1306425790E17004A84CC /* AppDelegate.swift in Sources */,
				B45E3D0E257FACD200C4B63C /* CommentInfo.swift in Sources */,
				B4E1306625790E17004A84CC /* SceneDelegate.swift in Sources */,
				B434AD69257E53B6009B9586 /* Notification.Name+signInGoogleCompleted.swift in Sources */,
				B42C5797257926D400BE586E /* MainScreenPresenter.swift in Sources */,
				B45E3D0A257F6B1600C4B63C /* VideoInfo.swift in Sources */,
			);
			runOnlyForDeploymentPostprocessing = 0;
		};
/* End PBXSourcesBuildPhase section */

/* Begin PBXVariantGroup section */
		B4E1306925790E17004A84CC /* Main.storyboard */ = {
			isa = PBXVariantGroup;
			children = (
				B4E1306A25790E17004A84CC /* Base */,
			);
			name = Main.storyboard;
			sourceTree = "<group>";
		};
		B4E1306E25790E18004A84CC /* LaunchScreen.storyboard */ = {
			isa = PBXVariantGroup;
			children = (
				B4E1306F25790E18004A84CC /* Base */,
			);
			name = LaunchScreen.storyboard;
			sourceTree = "<group>";
		};
/* End PBXVariantGroup section */

/* Begin XCBuildConfiguration section */
		B4E1307225790E18004A84CC /* Debug */ = {
			isa = XCBuildConfiguration;
			buildSettings = {
				ALWAYS_SEARCH_USER_PATHS = NO;
				CLANG_ANALYZER_NONNULL = YES;
				CLANG_ANALYZER_NUMBER_OBJECT_CONVERSION = YES_AGGRESSIVE;
				CLANG_CXX_LANGUAGE_STANDARD = "gnu++14";
				CLANG_CXX_LIBRARY = "libc++";
				CLANG_ENABLE_MODULES = YES;
				CLANG_ENABLE_OBJC_ARC = YES;
				CLANG_ENABLE_OBJC_WEAK = YES;
				CLANG_WARN_BLOCK_CAPTURE_AUTORELEASING = YES;
				CLANG_WARN_BOOL_CONVERSION = YES;
				CLANG_WARN_COMMA = YES;
				CLANG_WARN_CONSTANT_CONVERSION = YES;
				CLANG_WARN_DEPRECATED_OBJC_IMPLEMENTATIONS = YES;
				CLANG_WARN_DIRECT_OBJC_ISA_USAGE = YES_ERROR;
				CLANG_WARN_DOCUMENTATION_COMMENTS = YES;
				CLANG_WARN_EMPTY_BODY = YES;
				CLANG_WARN_ENUM_CONVERSION = YES;
				CLANG_WARN_INFINITE_RECURSION = YES;
				CLANG_WARN_INT_CONVERSION = YES;
				CLANG_WARN_NON_LITERAL_NULL_CONVERSION = YES;
				CLANG_WARN_OBJC_IMPLICIT_RETAIN_SELF = YES;
				CLANG_WARN_OBJC_LITERAL_CONVERSION = YES;
				CLANG_WARN_OBJC_ROOT_CLASS = YES_ERROR;
				CLANG_WARN_RANGE_LOOP_ANALYSIS = YES;
				CLANG_WARN_STRICT_PROTOTYPES = YES;
				CLANG_WARN_SUSPICIOUS_MOVE = YES;
				CLANG_WARN_UNGUARDED_AVAILABILITY = YES_AGGRESSIVE;
				CLANG_WARN_UNREACHABLE_CODE = YES;
				CLANG_WARN__DUPLICATE_METHOD_MATCH = YES;
				COPY_PHASE_STRIP = NO;
				DEBUG_INFORMATION_FORMAT = dwarf;
				ENABLE_STRICT_OBJC_MSGSEND = YES;
				ENABLE_TESTABILITY = YES;
				GCC_C_LANGUAGE_STANDARD = gnu11;
				GCC_DYNAMIC_NO_PIC = NO;
				GCC_NO_COMMON_BLOCKS = YES;
				GCC_OPTIMIZATION_LEVEL = 0;
				GCC_PREPROCESSOR_DEFINITIONS = (
					"DEBUG=1",
					"$(inherited)",
				);
				GCC_WARN_64_TO_32_BIT_CONVERSION = YES;
				GCC_WARN_ABOUT_RETURN_TYPE = YES_ERROR;
				GCC_WARN_UNDECLARED_SELECTOR = YES;
				GCC_WARN_UNINITIALIZED_AUTOS = YES_AGGRESSIVE;
				GCC_WARN_UNUSED_FUNCTION = YES;
				GCC_WARN_UNUSED_VARIABLE = YES;
				IPHONEOS_DEPLOYMENT_TARGET = 13.4;
				MTL_ENABLE_DEBUG_INFO = INCLUDE_SOURCE;
				MTL_FAST_MATH = YES;
				ONLY_ACTIVE_ARCH = YES;
				SDKROOT = iphoneos;
				SWIFT_ACTIVE_COMPILATION_CONDITIONS = DEBUG;
				SWIFT_OPTIMIZATION_LEVEL = "-Onone";
			};
			name = Debug;
		};
		B4E1307325790E18004A84CC /* Release */ = {
			isa = XCBuildConfiguration;
			buildSettings = {
				ALWAYS_SEARCH_USER_PATHS = NO;
				CLANG_ANALYZER_NONNULL = YES;
				CLANG_ANALYZER_NUMBER_OBJECT_CONVERSION = YES_AGGRESSIVE;
				CLANG_CXX_LANGUAGE_STANDARD = "gnu++14";
				CLANG_CXX_LIBRARY = "libc++";
				CLANG_ENABLE_MODULES = YES;
				CLANG_ENABLE_OBJC_ARC = YES;
				CLANG_ENABLE_OBJC_WEAK = YES;
				CLANG_WARN_BLOCK_CAPTURE_AUTORELEASING = YES;
				CLANG_WARN_BOOL_CONVERSION = YES;
				CLANG_WARN_COMMA = YES;
				CLANG_WARN_CONSTANT_CONVERSION = YES;
				CLANG_WARN_DEPRECATED_OBJC_IMPLEMENTATIONS = YES;
				CLANG_WARN_DIRECT_OBJC_ISA_USAGE = YES_ERROR;
				CLANG_WARN_DOCUMENTATION_COMMENTS = YES;
				CLANG_WARN_EMPTY_BODY = YES;
				CLANG_WARN_ENUM_CONVERSION = YES;
				CLANG_WARN_INFINITE_RECURSION = YES;
				CLANG_WARN_INT_CONVERSION = YES;
				CLANG_WARN_NON_LITERAL_NULL_CONVERSION = YES;
				CLANG_WARN_OBJC_IMPLICIT_RETAIN_SELF = YES;
				CLANG_WARN_OBJC_LITERAL_CONVERSION = YES;
				CLANG_WARN_OBJC_ROOT_CLASS = YES_ERROR;
				CLANG_WARN_RANGE_LOOP_ANALYSIS = YES;
				CLANG_WARN_STRICT_PROTOTYPES = YES;
				CLANG_WARN_SUSPICIOUS_MOVE = YES;
				CLANG_WARN_UNGUARDED_AVAILABILITY = YES_AGGRESSIVE;
				CLANG_WARN_UNREACHABLE_CODE = YES;
				CLANG_WARN__DUPLICATE_METHOD_MATCH = YES;
				COPY_PHASE_STRIP = NO;
				DEBUG_INFORMATION_FORMAT = "dwarf-with-dsym";
				ENABLE_NS_ASSERTIONS = NO;
				ENABLE_STRICT_OBJC_MSGSEND = YES;
				GCC_C_LANGUAGE_STANDARD = gnu11;
				GCC_NO_COMMON_BLOCKS = YES;
				GCC_WARN_64_TO_32_BIT_CONVERSION = YES;
				GCC_WARN_ABOUT_RETURN_TYPE = YES_ERROR;
				GCC_WARN_UNDECLARED_SELECTOR = YES;
				GCC_WARN_UNINITIALIZED_AUTOS = YES_AGGRESSIVE;
				GCC_WARN_UNUSED_FUNCTION = YES;
				GCC_WARN_UNUSED_VARIABLE = YES;
				IPHONEOS_DEPLOYMENT_TARGET = 13.4;
				MTL_ENABLE_DEBUG_INFO = NO;
				MTL_FAST_MATH = YES;
				SDKROOT = iphoneos;
				SWIFT_COMPILATION_MODE = wholemodule;
				SWIFT_OPTIMIZATION_LEVEL = "-O";
				VALIDATE_PRODUCT = YES;
			};
			name = Release;
		};
		B4E1307525790E18004A84CC /* Debug */ = {
			isa = XCBuildConfiguration;
			baseConfigurationReference = B55FE280EB459FA5C0CAF1F8 /* Pods-youtuber.debug.xcconfig */;
			buildSettings = {
				ASSETCATALOG_COMPILER_APPICON_NAME = AppIcon;
				CODE_SIGN_STYLE = Automatic;
				INFOPLIST_FILE = youtuber/Info.plist;
				LD_RUNPATH_SEARCH_PATHS = (
					"$(inherited)",
					"@executable_path/Frameworks",
				);
				PRODUCT_BUNDLE_IDENTIFIER = com.scand.youtuber;
				PRODUCT_NAME = "$(TARGET_NAME)";
				SWIFT_VERSION = 5.0;
				TARGETED_DEVICE_FAMILY = "1,2";
			};
			name = Debug;
		};
		B4E1307625790E18004A84CC /* Release */ = {
			isa = XCBuildConfiguration;
			baseConfigurationReference = 81A5B4BD7FA057FA06216884 /* Pods-youtuber.release.xcconfig */;
			buildSettings = {
				ASSETCATALOG_COMPILER_APPICON_NAME = AppIcon;
				CODE_SIGN_STYLE = Automatic;
				INFOPLIST_FILE = youtuber/Info.plist;
				LD_RUNPATH_SEARCH_PATHS = (
					"$(inherited)",
					"@executable_path/Frameworks",
				);
				PRODUCT_BUNDLE_IDENTIFIER = com.scand.youtuber;
				PRODUCT_NAME = "$(TARGET_NAME)";
				SWIFT_VERSION = 5.0;
				TARGETED_DEVICE_FAMILY = "1,2";
			};
			name = Release;
		};
/* End XCBuildConfiguration section */

/* Begin XCConfigurationList section */
		B4E1305B25790E17004A84CC /* Build configuration list for PBXProject "youtuber" */ = {
			isa = XCConfigurationList;
			buildConfigurations = (
				B4E1307225790E18004A84CC /* Debug */,
				B4E1307325790E18004A84CC /* Release */,
			);
			defaultConfigurationIsVisible = 0;
			defaultConfigurationName = Release;
		};
		B4E1307425790E18004A84CC /* Build configuration list for PBXNativeTarget "youtuber" */ = {
			isa = XCConfigurationList;
			buildConfigurations = (
				B4E1307525790E18004A84CC /* Debug */,
				B4E1307625790E18004A84CC /* Release */,
			);
			defaultConfigurationIsVisible = 0;
			defaultConfigurationName = Release;
		};
/* End XCConfigurationList section */
	};
	rootObject = B4E1305825790E17004A84CC /* Project object */;
}
